
Microsoft Visual Studio Solution File, Format Version 12.00
# Visual Studio Version 17
VisualStudioVersion = 17.7.34031.279
MinimumVisualStudioVersion = 10.0.40219.1
Project("{FAE04EC0-301F-11D3-BF4B-00C04F79EFBC}") = "Zmienne 2", "Zmienne 2\Zmienne 2.csproj", "{07C890C3-D35B-4F93-979B-2B5485CAB50C}"
EndProject
Global
	GlobalSection(SolutionConfigurationPlatforms) = preSolution
		Debug|Any CPU = Debug|Any CPU
		Release|Any CPU = Release|Any CPU
	EndGlobalSection
	GlobalSection(ProjectConfigurationPlatforms) = postSolution
		{07C890C3-D35B-4F93-979B-2B5485CAB50C}.Debug|Any CPU.ActiveCfg = Debug|Any CPU
		{07C890C3-D35B-4F93-979B-2B5485CAB50C}.Debug|Any CPU.Build.0 = Debug|Any CPU
		{07C890C3-D35B-4F93-979B-2B5485CAB50C}.Release|Any CPU.ActiveCfg = Release|Any CPU
		{07C890C3-D35B-4F93-979B-2B5485CAB50C}.Release|Any CPU.Build.0 = Release|Any CPU
	EndGlobalSection
	GlobalSection(SolutionProperties) = preSolution
		HideSolutionNode = FALSE
	EndGlobalSection
	GlobalSection(ExtensibilityGlobals) = postSolution
		SolutionGuid = {DE0D5536-7FC8-470B-BEF3-C039C5EEFA15}
	EndGlobalSection
EndGlobal
